
Microsoft Visual Studio Solution File, Format Version 12.00
# Visual Studio Version 16
VisualStudioVersion = 16.0.29920.165
MinimumVisualStudioVersion = 10.0.40219.1
Project("{FAE04EC0-301F-11D3-BF4B-00C04F79EFBC}") = "KaksiLukuaYhteen", "KaksiLukuaYhteen\KaksiLukuaYhteen.csproj", "{B21312C5-03A9-4681-BB3B-C2AF4659564D}"
EndProject
Global
	GlobalSection(SolutionConfigurationPlatforms) = preSolution
		Debug|Any CPU = Debug|Any CPU
		Release|Any CPU = Release|Any CPU
	EndGlobalSection
	GlobalSection(ProjectConfigurationPlatforms) = postSolution
		{B21312C5-03A9-4681-BB3B-C2AF4659564D}.Debug|Any CPU.ActiveCfg = Debug|Any CPU
		{B21312C5-03A9-4681-BB3B-C2AF4659564D}.Debug|Any CPU.Build.0 = Debug|Any CPU
		{B21312C5-03A9-4681-BB3B-C2AF4659564D}.Release|Any CPU.ActiveCfg = Release|Any CPU
		{B21312C5-03A9-4681-BB3B-C2AF4659564D}.Release|Any CPU.Build.0 = Release|Any CPU
	EndGlobalSection
	GlobalSection(SolutionProperties) = preSolution
		HideSolutionNode = FALSE
	EndGlobalSection
	GlobalSection(ExtensibilityGlobals) = postSolution
		SolutionGuid = {B2019674-2CBB-481A-9453-C011D8DC25C8}
	EndGlobalSection
EndGlobal
