
Microsoft Visual Studio Solution File, Format Version 12.00
# Visual Studio Version 16
VisualStudioVersion = 16.0.29920.165
MinimumVisualStudioVersion = 10.0.40219.1
Project("{FAE04EC0-301F-11D3-BF4B-00C04F79EFBC}") = "RistinollaXO", "RistinollaXO\RistinollaXO.csproj", "{FD12F2E5-C10F-49F1-894B-E691482FB28D}"
EndProject
Global
	GlobalSection(SolutionConfigurationPlatforms) = preSolution
		Debug|Any CPU = Debug|Any CPU
		Release|Any CPU = Release|Any CPU
	EndGlobalSection
	GlobalSection(ProjectConfigurationPlatforms) = postSolution
		{FD12F2E5-C10F-49F1-894B-E691482FB28D}.Debug|Any CPU.ActiveCfg = Debug|Any CPU
		{FD12F2E5-C10F-49F1-894B-E691482FB28D}.Debug|Any CPU.Build.0 = Debug|Any CPU
		{FD12F2E5-C10F-49F1-894B-E691482FB28D}.Release|Any CPU.ActiveCfg = Release|Any CPU
		{FD12F2E5-C10F-49F1-894B-E691482FB28D}.Release|Any CPU.Build.0 = Release|Any CPU
	EndGlobalSection
	GlobalSection(SolutionProperties) = preSolution
		HideSolutionNode = FALSE
	EndGlobalSection
	GlobalSection(ExtensibilityGlobals) = postSolution
		SolutionGuid = {4DD01E36-82C9-4874-A259-F623C597EFE6}
	EndGlobalSection
EndGlobal
